
Microsoft Visual Studio Solution File, Format Version 12.00
# Visual Studio Version 16
VisualStudioVersion = 16.0.31624.102
MinimumVisualStudioVersion = 10.0.40219.1
Project("{9A19103F-16F7-4668-BE54-9A1E7A4F7556}") = "WeatherSPA", "WeatherSPA\WeatherSPA.csproj", "{78454F8C-3EA0-41D5-977B-7590AF9C0D75}"
EndProject
Project("{9A19103F-16F7-4668-BE54-9A1E7A4F7556}") = "WeatherSPA.Test", "WeatherSPA.Test\WeatherSPA.Test.csproj", "{801C5682-8C34-4E57-9724-A1DD08E23998}"
	ProjectSection(ProjectDependencies) = postProject
		{78454F8C-3EA0-41D5-977B-7590AF9C0D75} = {78454F8C-3EA0-41D5-977B-7590AF9C0D75}
	EndProjectSection
EndProject
Global
	GlobalSection(SolutionConfigurationPlatforms) = preSolution
		Debug|Any CPU = Debug|Any CPU
		Release|Any CPU = Release|Any CPU
	EndGlobalSection
	GlobalSection(ProjectConfigurationPlatforms) = postSolution
		{78454F8C-3EA0-41D5-977B-7590AF9C0D75}.Debug|Any CPU.ActiveCfg = Debug|Any CPU
		{78454F8C-3EA0-41D5-977B-7590AF9C0D75}.Debug|Any CPU.Build.0 = Debug|Any CPU
		{78454F8C-3EA0-41D5-977B-7590AF9C0D75}.Release|Any CPU.ActiveCfg = Release|Any CPU
		{78454F8C-3EA0-41D5-977B-7590AF9C0D75}.Release|Any CPU.Build.0 = Release|Any CPU
		{801C5682-8C34-4E57-9724-A1DD08E23998}.Debug|Any CPU.ActiveCfg = Debug|Any CPU
		{801C5682-8C34-4E57-9724-A1DD08E23998}.Debug|Any CPU.Build.0 = Debug|Any CPU
		{801C5682-8C34-4E57-9724-A1DD08E23998}.Release|Any CPU.ActiveCfg = Release|Any CPU
		{801C5682-8C34-4E57-9724-A1DD08E23998}.Release|Any CPU.Build.0 = Release|Any CPU
	EndGlobalSection
	GlobalSection(SolutionProperties) = preSolution
		HideSolutionNode = FALSE
	EndGlobalSection
	GlobalSection(ExtensibilityGlobals) = postSolution
		SolutionGuid = {FEA53EAF-822C-4191-B297-C053859DD038}
	EndGlobalSection
EndGlobal
